
Microsoft Visual Studio Solution File, Format Version 12.00
# Visual Studio Version 16
VisualStudioVersion = 16.0.31702.278
MinimumVisualStudioVersion = 10.0.40219.1
Project("{FAE04EC0-301F-11D3-BF4B-00C04F79EFBC}") = "lab_02_zadanie", "lab_02_zadanie\lab_02_zadanie.csproj", "{99F7C2C0-414D-4377-8DE4-347867987EEC}"
EndProject
Global
	GlobalSection(SolutionConfigurationPlatforms) = preSolution
		Debug|Any CPU = Debug|Any CPU
		Release|Any CPU = Release|Any CPU
	EndGlobalSection
	GlobalSection(ProjectConfigurationPlatforms) = postSolution
		{99F7C2C0-414D-4377-8DE4-347867987EEC}.Debug|Any CPU.ActiveCfg = Debug|Any CPU
		{99F7C2C0-414D-4377-8DE4-347867987EEC}.Debug|Any CPU.Build.0 = Debug|Any CPU
		{99F7C2C0-414D-4377-8DE4-347867987EEC}.Release|Any CPU.ActiveCfg = Release|Any CPU
		{99F7C2C0-414D-4377-8DE4-347867987EEC}.Release|Any CPU.Build.0 = Release|Any CPU
	EndGlobalSection
	GlobalSection(SolutionProperties) = preSolution
		HideSolutionNode = FALSE
	EndGlobalSection
	GlobalSection(ExtensibilityGlobals) = postSolution
		SolutionGuid = {E43B0787-849A-45D9-8854-E016F32E7254}
	EndGlobalSection
EndGlobal
